
Microsoft Visual Studio Solution File, Format Version 12.00
# Visual Studio Version 17
VisualStudioVersion = 17.10.35122.118
MinimumVisualStudioVersion = 10.0.40219.1
Project("{FAE04EC0-301F-11D3-BF4B-00C04F79EFBC}") = "bookstore", "bookstore.csproj", "{927C38EC-410F-49AB-BEA8-7A7830241EBA}"
EndProject
Global
	GlobalSection(SolutionConfigurationPlatforms) = preSolution
		Debug|Any CPU = Debug|Any CPU
		Release|Any CPU = Release|Any CPU
	EndGlobalSection
	GlobalSection(ProjectConfigurationPlatforms) = postSolution
		{927C38EC-410F-49AB-BEA8-7A7830241EBA}.Debug|Any CPU.ActiveCfg = Debug|Any CPU
		{927C38EC-410F-49AB-BEA8-7A7830241EBA}.Debug|Any CPU.Build.0 = Debug|Any CPU
		{927C38EC-410F-49AB-BEA8-7A7830241EBA}.Release|Any CPU.ActiveCfg = Release|Any CPU
		{927C38EC-410F-49AB-BEA8-7A7830241EBA}.Release|Any CPU.Build.0 = Release|Any CPU
	EndGlobalSection
	GlobalSection(SolutionProperties) = preSolution
		HideSolutionNode = FALSE
	EndGlobalSection
	GlobalSection(ExtensibilityGlobals) = postSolution
		SolutionGuid = {5932DDA1-931A-41A1-80DB-F8D1284576D0}
	EndGlobalSection
EndGlobal
